// !$*UTF8*$!
{
	archiveVersion = 1;
	classes = {
	};
	objectVersion = 56;
	objects = {

/* Begin PBXBuildFile section */
		1585BCAF2BDFA78E000899F5 /* AppDelegate.swift in Sources */ = {isa = PBXBuildFile; fileRef = 1585BCAE2BDFA78E000899F5 /* AppDelegate.swift */; };
		1585BCB12BDFA78E000899F5 /* SceneDelegate.swift in Sources */ = {isa = PBXBuildFile; fileRef = 1585BCB02BDFA78E000899F5 /* SceneDelegate.swift */; };
		1585BCB62BDFA78E000899F5 /* Base in Resources */ = {isa = PBXBuildFile; fileRef = 1585BCB52BDFA78E000899F5 /* Base */; };
		1585BCB92BDFA78E000899F5 /* KekaHR.xcdatamodeld in Sources */ = {isa = PBXBuildFile; fileRef = 1585BCB72BDFA78E000899F5 /* KekaHR.xcdatamodeld */; };
		1585BCBB2BDFA790000899F5 /* Assets.xcassets in Resources */ = {isa = PBXBuildFile; fileRef = 1585BCBA2BDFA790000899F5 /* Assets.xcassets */; };
		1585BCBE2BDFA790000899F5 /* Base in Resources */ = {isa = PBXBuildFile; fileRef = 1585BCBD2BDFA790000899F5 /* Base */; };
		1585BCC92BDFA791000899F5 /* KekaHRTests.swift in Sources */ = {isa = PBXBuildFile; fileRef = 1585BCC82BDFA791000899F5 /* KekaHRTests.swift */; };
		1585BCD32BDFA791000899F5 /* KekaHRUITests.swift in Sources */ = {isa = PBXBuildFile; fileRef = 1585BCD22BDFA791000899F5 /* KekaHRUITests.swift */; };
		1585BCD52BDFA791000899F5 /* KekaHRUITestsLaunchTests.swift in Sources */ = {isa = PBXBuildFile; fileRef = 1585BCD42BDFA791000899F5 /* KekaHRUITestsLaunchTests.swift */; };
		1585BCF22BDFA88D000899F5 /* Multimedia.swift in Sources */ = {isa = PBXBuildFile; fileRef = 1585BCE82BDFA88D000899F5 /* Multimedia.swift */; };
		1585BCF42BDFA88D000899F5 /* Headline.swift in Sources */ = {isa = PBXBuildFile; fileRef = 1585BCEA2BDFA88D000899F5 /* Headline.swift */; };
		1585BCF82BDFA88D000899F5 /* Response.swift in Sources */ = {isa = PBXBuildFile; fileRef = 1585BCEE2BDFA88D000899F5 /* Response.swift */; };
		1585BCF92BDFA88D000899F5 /* Docs.swift in Sources */ = {isa = PBXBuildFile; fileRef = 1585BCEF2BDFA88D000899F5 /* Docs.swift */; };
		1585BCFA2BDFA88D000899F5 /* NewsResponse.swift in Sources */ = {isa = PBXBuildFile; fileRef = 1585BCF02BDFA88D000899F5 /* NewsResponse.swift */; };
		1585BCFF2BDFAD7E000899F5 /* ViewModel.swift in Sources */ = {isa = PBXBuildFile; fileRef = 1585BCFE2BDFAD7E000899F5 /* ViewModel.swift */; };
		1585BD012BDFAFD1000899F5 /* NewsViewController.swift in Sources */ = {isa = PBXBuildFile; fileRef = 1585BD002BDFAFD1000899F5 /* NewsViewController.swift */; };
		1585BD042BDFAFE4000899F5 /* APIManager.swift in Sources */ = {isa = PBXBuildFile; fileRef = 1585BD022BDFAFE4000899F5 /* APIManager.swift */; };
		1585BD062BDFB095000899F5 /* NewsTableViewCell.swift in Sources */ = {isa = PBXBuildFile; fileRef = 1585BD052BDFB095000899F5 /* NewsTableViewCell.swift */; };
		1585BD0A2BDFBA31000899F5 /* EndPointType.swift in Sources */ = {isa = PBXBuildFile; fileRef = 1585BD072BDFBA31000899F5 /* EndPointType.swift */; };
		1585BD0B2BDFBA31000899F5 /* NewsEndPoint.swift in Sources */ = {isa = PBXBuildFile; fileRef = 1585BD082BDFBA31000899F5 /* NewsEndPoint.swift */; };
		1585BD0E2BDFC530000899F5 /* Kingfisher in Frameworks */ = {isa = PBXBuildFile; productRef = 1585BD0D2BDFC530000899F5 /* Kingfisher */; };
		1585BD112BDFC54C000899F5 /* UIImageView + Extensions.swift in Sources */ = {isa = PBXBuildFile; fileRef = 1585BD102BDFC54C000899F5 /* UIImageView + Extensions.swift */; };
		1585BD132BDFD634000899F5 /* ResponseHandler.swift in Sources */ = {isa = PBXBuildFile; fileRef = 1585BD122BDFD634000899F5 /* ResponseHandler.swift */; };
		1585BD152BDFD698000899F5 /* NetworkHandler.swift in Sources */ = {isa = PBXBuildFile; fileRef = 1585BD142BDFD698000899F5 /* NetworkHandler.swift */; };
/* End PBXBuildFile section */

/* Begin PBXContainerItemProxy section */
		1585BCC52BDFA791000899F5 /* PBXContainerItemProxy */ = {
			isa = PBXContainerItemProxy;
			containerPortal = 1585BCA32BDFA78E000899F5 /* Project object */;
			proxyType = 1;
			remoteGlobalIDString = 1585BCAA2BDFA78E000899F5;
			remoteInfo = KekaHR;
		};
		1585BCCF2BDFA791000899F5 /* PBXContainerItemProxy */ = {
			isa = PBXContainerItemProxy;
			containerPortal = 1585BCA32BDFA78E000899F5 /* Project object */;
			proxyType = 1;
			remoteGlobalIDString = 1585BCAA2BDFA78E000899F5;
			remoteInfo = KekaHR;
		};
/* End PBXContainerItemProxy section */

/* Begin PBXFileReference section */
		1585BCAB2BDFA78E000899F5 /* KekaHR.app */ = {isa = PBXFileReference; explicitFileType = wrapper.application; includeInIndex = 0; path = KekaHR.app; sourceTree = BUILT_PRODUCTS_DIR; };
		1585BCAE2BDFA78E000899F5 /* AppDelegate.swift */ = {isa = PBXFileReference; lastKnownFileType = sourcecode.swift; path = AppDelegate.swift; sourceTree = "<group>"; };
		1585BCB02BDFA78E000899F5 /* SceneDelegate.swift */ = {isa = PBXFileReference; lastKnownFileType = sourcecode.swift; path = SceneDelegate.swift; sourceTree = "<group>"; };
		1585BCB52BDFA78E000899F5 /* Base */ = {isa = PBXFileReference; lastKnownFileType = file.storyboard; name = Base; path = Base.lproj/Main.storyboard; sourceTree = "<group>"; };
		1585BCB82BDFA78E000899F5 /* KekaHR.xcdatamodel */ = {isa = PBXFileReference; lastKnownFileType = wrapper.xcdatamodel; path = KekaHR.xcdatamodel; sourceTree = "<group>"; };
		1585BCBA2BDFA790000899F5 /* Assets.xcassets */ = {isa = PBXFileReference; lastKnownFileType = folder.assetcatalog; path = Assets.xcassets; sourceTree = "<group>"; };
		1585BCBD2BDFA790000899F5 /* Base */ = {isa = PBXFileReference; lastKnownFileType = file.storyboard; name = Base; path = Base.lproj/LaunchScreen.storyboard; sourceTree = "<group>"; };
		1585BCBF2BDFA790000899F5 /* Info.plist */ = {isa = PBXFileReference; lastKnownFileType = text.plist.xml; path = Info.plist; sourceTree = "<group>"; };
		1585BCC42BDFA791000899F5 /* KekaHRTests.xctest */ = {isa = PBXFileReference; explicitFileType = wrapper.cfbundle; includeInIndex = 0; path = KekaHRTests.xctest; sourceTree = BUILT_PRODUCTS_DIR; };
		1585BCC82BDFA791000899F5 /* KekaHRTests.swift */ = {isa = PBXFileReference; lastKnownFileType = sourcecode.swift; path = KekaHRTests.swift; sourceTree = "<group>"; };
		1585BCCE2BDFA791000899F5 /* KekaHRUITests.xctest */ = {isa = PBXFileReference; explicitFileType = wrapper.cfbundle; includeInIndex = 0; path = KekaHRUITests.xctest; sourceTree = BUILT_PRODUCTS_DIR; };
		1585BCD22BDFA791000899F5 /* KekaHRUITests.swift */ = {isa = PBXFileReference; lastKnownFileType = sourcecode.swift; path = KekaHRUITests.swift; sourceTree = "<group>"; };
		1585BCD42BDFA791000899F5 /* KekaHRUITestsLaunchTests.swift */ = {isa = PBXFileReference; lastKnownFileType = sourcecode.swift; path = KekaHRUITestsLaunchTests.swift; sourceTree = "<group>"; };
		1585BCE82BDFA88D000899F5 /* Multimedia.swift */ = {isa = PBXFileReference; fileEncoding = 4; lastKnownFileType = sourcecode.swift; path = Multimedia.swift; sourceTree = "<group>"; };
		1585BCEA2BDFA88D000899F5 /* Headline.swift */ = {isa = PBXFileReference; fileEncoding = 4; lastKnownFileType = sourcecode.swift; path = Headline.swift; sourceTree = "<group>"; };
		1585BCEE2BDFA88D000899F5 /* Response.swift */ = {isa = PBXFileReference; fileEncoding = 4; lastKnownFileType = sourcecode.swift; path = Response.swift; sourceTree = "<group>"; };
		1585BCEF2BDFA88D000899F5 /* Docs.swift */ = {isa = PBXFileReference; fileEncoding = 4; lastKnownFileType = sourcecode.swift; path = Docs.swift; sourceTree = "<group>"; };
		1585BCF02BDFA88D000899F5 /* NewsResponse.swift */ = {isa = PBXFileReference; fileEncoding = 4; lastKnownFileType = sourcecode.swift; path = NewsResponse.swift; sourceTree = "<group>"; };
		1585BCFE2BDFAD7E000899F5 /* ViewModel.swift */ = {isa = PBXFileReference; lastKnownFileType = sourcecode.swift; path = ViewModel.swift; sourceTree = "<group>"; };
		1585BD002BDFAFD1000899F5 /* NewsViewController.swift */ = {isa = PBXFileReference; fileEncoding = 4; lastKnownFileType = sourcecode.swift; path = NewsViewController.swift; sourceTree = "<group>"; };
		1585BD022BDFAFE4000899F5 /* APIManager.swift */ = {isa = PBXFileReference; fileEncoding = 4; lastKnownFileType = sourcecode.swift; path = APIManager.swift; sourceTree = "<group>"; };
		1585BD052BDFB095000899F5 /* NewsTableViewCell.swift */ = {isa = PBXFileReference; lastKnownFileType = sourcecode.swift; path = NewsTableViewCell.swift; sourceTree = "<group>"; };
		1585BD072BDFBA31000899F5 /* EndPointType.swift */ = {isa = PBXFileReference; fileEncoding = 4; lastKnownFileType = sourcecode.swift; path = EndPointType.swift; sourceTree = "<group>"; };
		1585BD082BDFBA31000899F5 /* NewsEndPoint.swift */ = {isa = PBXFileReference; fileEncoding = 4; lastKnownFileType = sourcecode.swift; path = NewsEndPoint.swift; sourceTree = "<group>"; };
		1585BD102BDFC54C000899F5 /* UIImageView + Extensions.swift */ = {isa = PBXFileReference; lastKnownFileType = sourcecode.swift; path = "UIImageView + Extensions.swift"; sourceTree = "<group>"; };
		1585BD122BDFD634000899F5 /* ResponseHandler.swift */ = {isa = PBXFileReference; lastKnownFileType = sourcecode.swift; path = ResponseHandler.swift; sourceTree = "<group>"; };
		1585BD142BDFD698000899F5 /* NetworkHandler.swift */ = {isa = PBXFileReference; lastKnownFileType = sourcecode.swift; path = NetworkHandler.swift; sourceTree = "<group>"; };
/* End PBXFileReference section */

/* Begin PBXFrameworksBuildPhase section */
		1585BCA82BDFA78E000899F5 /* Frameworks */ = {
			isa = PBXFrameworksBuildPhase;
			buildActionMask = 2147483647;
			files = (
				1585BD0E2BDFC530000899F5 /* Kingfisher in Frameworks */,
			);
			runOnlyForDeploymentPostprocessing = 0;
		};
		1585BCC12BDFA791000899F5 /* Frameworks */ = {
			isa = PBXFrameworksBuildPhase;
			buildActionMask = 2147483647;
			files = (
			);
			runOnlyForDeploymentPostprocessing = 0;
		};
		1585BCCB2BDFA791000899F5 /* Frameworks */ = {
			isa = PBXFrameworksBuildPhase;
			buildActionMask = 2147483647;
			files = (
			);
			runOnlyForDeploymentPostprocessing = 0;
		};
/* End PBXFrameworksBuildPhase section */

/* Begin PBXGroup section */
		1585BCA22BDFA78E000899F5 = {
			isa = PBXGroup;
			children = (
				1585BCAD2BDFA78E000899F5 /* KekaHR */,
				1585BCC72BDFA791000899F5 /* KekaHRTests */,
				1585BCD12BDFA791000899F5 /* KekaHRUITests */,
				1585BCAC2BDFA78E000899F5 /* Products */,
			);
			sourceTree = "<group>";
		};
		1585BCAC2BDFA78E000899F5 /* Products */ = {
			isa = PBXGroup;
			children = (
				1585BCAB2BDFA78E000899F5 /* KekaHR.app */,
				1585BCC42BDFA791000899F5 /* KekaHRTests.xctest */,
				1585BCCE2BDFA791000899F5 /* KekaHRUITests.xctest */,
			);
			name = Products;
			sourceTree = "<group>";
		};
		1585BCAD2BDFA78E000899F5 /* KekaHR */ = {
			isa = PBXGroup;
			children = (
				1585BD0F2BDFC537000899F5 /* Extensions */,
				1585BD092BDFBA31000899F5 /* EndPoints */,
				1585BD032BDFAFE4000899F5 /* NetworkHelpers */,
				1585BCE12BDFA79D000899F5 /* Home */,
				1585BCAE2BDFA78E000899F5 /* AppDelegate.swift */,
				1585BCB02BDFA78E000899F5 /* SceneDelegate.swift */,
				1585BCB42BDFA78E000899F5 /* Main.storyboard */,
				1585BCBA2BDFA790000899F5 /* Assets.xcassets */,
				1585BCBC2BDFA790000899F5 /* LaunchScreen.storyboard */,
				1585BCBF2BDFA790000899F5 /* Info.plist */,
				1585BCB72BDFA78E000899F5 /* KekaHR.xcdatamodeld */,
			);
			path = KekaHR;
			sourceTree = "<group>";
		};
		1585BCC72BDFA791000899F5 /* KekaHRTests */ = {
			isa = PBXGroup;
			children = (
				1585BCC82BDFA791000899F5 /* KekaHRTests.swift */,
			);
			path = KekaHRTests;
			sourceTree = "<group>";
		};
		1585BCD12BDFA791000899F5 /* KekaHRUITests */ = {
			isa = PBXGroup;
			children = (
				1585BCD22BDFA791000899F5 /* KekaHRUITests.swift */,
				1585BCD42BDFA791000899F5 /* KekaHRUITestsLaunchTests.swift */,
			);
			path = KekaHRUITests;
			sourceTree = "<group>";
		};
		1585BCE12BDFA79D000899F5 /* Home */ = {
			isa = PBXGroup;
			children = (
				1585BCE42BDFA7B2000899F5 /* View */,
				1585BCE32BDFA7AA000899F5 /* ViewModel */,
				1585BCE22BDFA7A3000899F5 /* Model */,
			);
			path = Home;
			sourceTree = "<group>";
		};
		1585BCE22BDFA7A3000899F5 /* Model */ = {
			isa = PBXGroup;
			children = (
				1585BCF02BDFA88D000899F5 /* NewsResponse.swift */,
				1585BCEE2BDFA88D000899F5 /* Response.swift */,
				1585BCEF2BDFA88D000899F5 /* Docs.swift */,
				1585BCEA2BDFA88D000899F5 /* Headline.swift */,
				1585BCE82BDFA88D000899F5 /* Multimedia.swift */,
			);
			path = Model;
			sourceTree = "<group>";
		};
		1585BCE32BDFA7AA000899F5 /* ViewModel */ = {
			isa = PBXGroup;
			children = (
				1585BCFE2BDFAD7E000899F5 /* ViewModel.swift */,
			);
			path = ViewModel;
			sourceTree = "<group>";
		};
		1585BCE42BDFA7B2000899F5 /* View */ = {
			isa = PBXGroup;
			children = (
				1585BD002BDFAFD1000899F5 /* NewsViewController.swift */,
				1585BD052BDFB095000899F5 /* NewsTableViewCell.swift */,
			);
			path = View;
			sourceTree = "<group>";
		};
		1585BD032BDFAFE4000899F5 /* NetworkHelpers */ = {
			isa = PBXGroup;
			children = (
				1585BD022BDFAFE4000899F5 /* APIManager.swift */,
				1585BD122BDFD634000899F5 /* ResponseHandler.swift */,
				1585BD142BDFD698000899F5 /* NetworkHandler.swift */,
			);
			path = NetworkHelpers;
			sourceTree = "<group>";
		};
		1585BD092BDFBA31000899F5 /* EndPoints */ = {
			isa = PBXGroup;
			children = (
				1585BD072BDFBA31000899F5 /* EndPointType.swift */,
				1585BD082BDFBA31000899F5 /* NewsEndPoint.swift */,
			);
			path = EndPoints;
			sourceTree = "<group>";
		};
		1585BD0F2BDFC537000899F5 /* Extensions */ = {
			isa = PBXGroup;
			children = (
				1585BD102BDFC54C000899F5 /* UIImageView + Extensions.swift */,
			);
			path = Extensions;
			sourceTree = "<group>";
		};
/* End PBXGroup section */

/* Begin PBXNativeTarget section */
		1585BCAA2BDFA78E000899F5 /* KekaHR */ = {
			isa = PBXNativeTarget;
			buildConfigurationList = 1585BCD82BDFA791000899F5 /* Build configuration list for PBXNativeTarget "KekaHR" */;
			buildPhases = (
				1585BCA72BDFA78E000899F5 /* Sources */,
				1585BCA82BDFA78E000899F5 /* Frameworks */,
				1585BCA92BDFA78E000899F5 /* Resources */,
			);
			buildRules = (
			);
			dependencies = (
			);
			name = KekaHR;
			packageProductDependencies = (
				1585BD0D2BDFC530000899F5 /* Kingfisher */,
			);
			productName = KekaHR;
			productReference = 1585BCAB2BDFA78E000899F5 /* KekaHR.app */;
			productType = "com.apple.product-type.application";
		};
		1585BCC32BDFA791000899F5 /* KekaHRTests */ = {
			isa = PBXNativeTarget;
			buildConfigurationList = 1585BCDB2BDFA791000899F5 /* Build configuration list for PBXNativeTarget "KekaHRTests" */;
			buildPhases = (
				1585BCC02BDFA791000899F5 /* Sources */,
				1585BCC12BDFA791000899F5 /* Frameworks */,
				1585BCC22BDFA791000899F5 /* Resources */,
			);
			buildRules = (
			);
			dependencies = (
				1585BCC62BDFA791000899F5 /* PBXTargetDependency */,
			);
			name = KekaHRTests;
			productName = KekaHRTests;
			productReference = 1585BCC42BDFA791000899F5 /* KekaHRTests.xctest */;
			productType = "com.apple.product-type.bundle.unit-test";
		};
		1585BCCD2BDFA791000899F5 /* KekaHRUITests */ = {
			isa = PBXNativeTarget;
			buildConfigurationList = 1585BCDE2BDFA791000899F5 /* Build configuration list for PBXNativeTarget "KekaHRUITests" */;
			buildPhases = (
				1585BCCA2BDFA791000899F5 /* Sources */,
				1585BCCB2BDFA791000899F5 /* Frameworks */,
				1585BCCC2BDFA791000899F5 /* Resources */,
			);
			buildRules = (
			);
			dependencies = (
				1585BCD02BDFA791000899F5 /* PBXTargetDependency */,
			);
			name = KekaHRUITests;
			productName = KekaHRUITests;
			productReference = 1585BCCE2BDFA791000899F5 /* KekaHRUITests.xctest */;
			productType = "com.apple.product-type.bundle.ui-testing";
		};
/* End PBXNativeTarget section */

/* Begin PBXProject section */
		1585BCA32BDFA78E000899F5 /* Project object */ = {
			isa = PBXProject;
			attributes = {
				BuildIndependentTargetsInParallel = 1;
				LastSwiftUpdateCheck = 1530;
				LastUpgradeCheck = 1530;
				TargetAttributes = {
					1585BCAA2BDFA78E000899F5 = {
						CreatedOnToolsVersion = 15.3;
					};
					1585BCC32BDFA791000899F5 = {
						CreatedOnToolsVersion = 15.3;
						TestTargetID = 1585BCAA2BDFA78E000899F5;
					};
					1585BCCD2BDFA791000899F5 = {
						CreatedOnToolsVersion = 15.3;
						TestTargetID = 1585BCAA2BDFA78E000899F5;
					};
				};
			};
			buildConfigurationList = 1585BCA62BDFA78E000899F5 /* Build configuration list for PBXProject "KekaHR" */;
			compatibilityVersion = "Xcode 14.0";
			developmentRegion = en;
			hasScannedForEncodings = 0;
			knownRegions = (
				en,
				Base,
			);
			mainGroup = 1585BCA22BDFA78E000899F5;
			packageReferences = (
				1585BD0C2BDFC530000899F5 /* XCRemoteSwiftPackageReference "Kingfisher" */,
			);
			productRefGroup = 1585BCAC2BDFA78E000899F5 /* Products */;
			projectDirPath = "";
			projectRoot = "";
			targets = (
				1585BCAA2BDFA78E000899F5 /* KekaHR */,
				1585BCC32BDFA791000899F5 /* KekaHRTests */,
				1585BCCD2BDFA791000899F5 /* KekaHRUITests */,
			);
		};
/* End PBXProject section */

/* Begin PBXResourcesBuildPhase section */
		1585BCA92BDFA78E000899F5 /* Resources */ = {
			isa = PBXResourcesBuildPhase;
			buildActionMask = 2147483647;
			files = (
				1585BCBB2BDFA790000899F5 /* Assets.xcassets in Resources */,
				1585BCBE2BDFA790000899F5 /* Base in Resources */,
				1585BCB62BDFA78E000899F5 /* Base in Resources */,
			);
			runOnlyForDeploymentPostprocessing = 0;
		};
		1585BCC22BDFA791000899F5 /* Resources */ = {
			isa = PBXResourcesBuildPhase;
			buildActionMask = 2147483647;
			files = (
			);
			runOnlyForDeploymentPostprocessing = 0;
		};
		1585BCCC2BDFA791000899F5 /* Resources */ = {
			isa = PBXResourcesBuildPhase;
			buildActionMask = 2147483647;
			files = (
			);
			runOnlyForDeploymentPostprocessing = 0;
		};
/* End PBXResourcesBuildPhase section */

/* Begin PBXSourcesBuildPhase section */
		1585BCA72BDFA78E000899F5 /* Sources */ = {
			isa = PBXSourcesBuildPhase;
			buildActionMask = 2147483647;
			files = (
				1585BD042BDFAFE4000899F5 /* APIManager.swift in Sources */,
				1585BCF92BDFA88D000899F5 /* Docs.swift in Sources */,
				1585BD0A2BDFBA31000899F5 /* EndPointType.swift in Sources */,
				1585BCF22BDFA88D000899F5 /* Multimedia.swift in Sources */,
				1585BD112BDFC54C000899F5 /* UIImageView + Extensions.swift in Sources */,
				1585BCF42BDFA88D000899F5 /* Headline.swift in Sources */,
				1585BCFA2BDFA88D000899F5 /* NewsResponse.swift in Sources */,
				1585BCFF2BDFAD7E000899F5 /* ViewModel.swift in Sources */,
				1585BCF82BDFA88D000899F5 /* Response.swift in Sources */,
				1585BD152BDFD698000899F5 /* NetworkHandler.swift in Sources */,
				1585BCB92BDFA78E000899F5 /* KekaHR.xcdatamodeld in Sources */,
				1585BCAF2BDFA78E000899F5 /* AppDelegate.swift in Sources */,
				1585BD0B2BDFBA31000899F5 /* NewsEndPoint.swift in Sources */,
				1585BCB12BDFA78E000899F5 /* SceneDelegate.swift in Sources */,
				1585BD132BDFD634000899F5 /* ResponseHandler.swift in Sources */,
				1585BD062BDFB095000899F5 /* NewsTableViewCell.swift in Sources */,
				1585BD012BDFAFD1000899F5 /* NewsViewController.swift in Sources */,
			);
			runOnlyForDeploymentPostprocessing = 0;
		};
		1585BCC02BDFA791000899F5 /* Sources */ = {
			isa = PBXSourcesBuildPhase;
			buildActionMask = 2147483647;
			files = (
				1585BCC92BDFA791000899F5 /* KekaHRTests.swift in Sources */,
			);
			runOnlyForDeploymentPostprocessing = 0;
		};
		1585BCCA2BDFA791000899F5 /* Sources */ = {
			isa = PBXSourcesBuildPhase;
			buildActionMask = 2147483647;
			files = (
				1585BCD52BDFA791000899F5 /* KekaHRUITestsLaunchTests.swift in Sources */,
				1585BCD32BDFA791000899F5 /* KekaHRUITests.swift in Sources */,
			);
			runOnlyForDeploymentPostprocessing = 0;
		};
/* End PBXSourcesBuildPhase section */

/* Begin PBXTargetDependency section */
		1585BCC62BDFA791000899F5 /* PBXTargetDependency */ = {
			isa = PBXTargetDependency;
			target = 1585BCAA2BDFA78E000899F5 /* KekaHR */;
			targetProxy = 1585BCC52BDFA791000899F5 /* PBXContainerItemProxy */;
		};
		1585BCD02BDFA791000899F5 /* PBXTargetDependency */ = {
			isa = PBXTargetDependency;
			target = 1585BCAA2BDFA78E000899F5 /* KekaHR */;
			targetProxy = 1585BCCF2BDFA791000899F5 /* PBXContainerItemProxy */;
		};
/* End PBXTargetDependency section */

/* Begin PBXVariantGroup section */
		1585BCB42BDFA78E000899F5 /* Main.storyboard */ = {
			isa = PBXVariantGroup;
			children = (
				1585BCB52BDFA78E000899F5 /* Base */,
			);
			name = Main.storyboard;
			sourceTree = "<group>";
		};
		1585BCBC2BDFA790000899F5 /* LaunchScreen.storyboard */ = {
			isa = PBXVariantGroup;
			children = (
				1585BCBD2BDFA790000899F5 /* Base */,
			);
			name = LaunchScreen.storyboard;
			sourceTree = "<group>";
		};
/* End PBXVariantGroup section */

/* Begin XCBuildConfiguration section */
		1585BCD62BDFA791000899F5 /* Debug */ = {
			isa = XCBuildConfiguration;
			buildSettings = {
				ALWAYS_SEARCH_USER_PATHS = NO;
				ASSETCATALOG_COMPILER_GENERATE_SWIFT_ASSET_SYMBOL_EXTENSIONS = YES;
				CLANG_ANALYZER_NONNULL = YES;
				CLANG_ANALYZER_NUMBER_OBJECT_CONVERSION = YES_AGGRESSIVE;
				CLANG_CXX_LANGUAGE_STANDARD = "gnu++20";
				CLANG_ENABLE_MODULES = YES;
				CLANG_ENABLE_OBJC_ARC = YES;
				CLANG_ENABLE_OBJC_WEAK = YES;
				CLANG_WARN_BLOCK_CAPTURE_AUTORELEASING = YES;
				CLANG_WARN_BOOL_CONVERSION = YES;
				CLANG_WARN_COMMA = YES;
				CLANG_WARN_CONSTANT_CONVERSION = YES;
				CLANG_WARN_DEPRECATED_OBJC_IMPLEMENTATIONS = YES;
				CLANG_WARN_DIRECT_OBJC_ISA_USAGE = YES_ERROR;
				CLANG_WARN_DOCUMENTATION_COMMENTS = YES;
				CLANG_WARN_EMPTY_BODY = YES;
				CLANG_WARN_ENUM_CONVERSION = YES;
				CLANG_WARN_INFINITE_RECURSION = YES;
				CLANG_WARN_INT_CONVERSION = YES;
				CLANG_WARN_NON_LITERAL_NULL_CONVERSION = YES;
				CLANG_WARN_OBJC_IMPLICIT_RETAIN_SELF = YES;
				CLANG_WARN_OBJC_LITERAL_CONVERSION = YES;
				CLANG_WARN_OBJC_ROOT_CLASS = YES_ERROR;
				CLANG_WARN_QUOTED_INCLUDE_IN_FRAMEWORK_HEADER = YES;
				CLANG_WARN_RANGE_LOOP_ANALYSIS = YES;
				CLANG_WARN_STRICT_PROTOTYPES = YES;
				CLANG_WARN_SUSPICIOUS_MOVE = YES;
				CLANG_WARN_UNGUARDED_AVAILABILITY = YES_AGGRESSIVE;
				CLANG_WARN_UNREACHABLE_CODE = YES;
				CLANG_WARN__DUPLICATE_METHOD_MATCH = YES;
				COPY_PHASE_STRIP = NO;
				DEBUG_INFORMATION_FORMAT = dwarf;
				ENABLE_STRICT_OBJC_MSGSEND = YES;
				ENABLE_TESTABILITY = YES;
				ENABLE_USER_SCRIPT_SANDBOXING = YES;
				GCC_C_LANGUAGE_STANDARD = gnu17;
				GCC_DYNAMIC_NO_PIC = NO;
				GCC_NO_COMMON_BLOCKS = YES;
				GCC_OPTIMIZATION_LEVEL = 0;
				GCC_PREPROCESSOR_DEFINITIONS = (
					"DEBUG=1",
					"$(inherited)",
				);
				GCC_WARN_64_TO_32_BIT_CONVERSION = YES;
				GCC_WARN_ABOUT_RETURN_TYPE = YES_ERROR;
				GCC_WARN_UNDECLARED_SELECTOR = YES;
				GCC_WARN_UNINITIALIZED_AUTOS = YES_AGGRESSIVE;
				GCC_WARN_UNUSED_FUNCTION = YES;
				GCC_WARN_UNUSED_VARIABLE = YES;
				IPHONEOS_DEPLOYMENT_TARGET = 17.4;
				LOCALIZATION_PREFERS_STRING_CATALOGS = YES;
				MTL_ENABLE_DEBUG_INFO = INCLUDE_SOURCE;
				MTL_FAST_MATH = YES;
				ONLY_ACTIVE_ARCH = YES;
				SDKROOT = iphoneos;
				SWIFT_ACTIVE_COMPILATION_CONDITIONS = "DEBUG $(inherited)";
				SWIFT_OPTIMIZATION_LEVEL = "-Onone";
			};
			name = Debug;
		};
		1585BCD72BDFA791000899F5 /* Release */ = {
			isa = XCBuildConfiguration;
			buildSettings = {
				ALWAYS_SEARCH_USER_PATHS = NO;
				ASSETCATALOG_COMPILER_GENERATE_SWIFT_ASSET_SYMBOL_EXTENSIONS = YES;
				CLANG_ANALYZER_NONNULL = YES;
				CLANG_ANALYZER_NUMBER_OBJECT_CONVERSION = YES_AGGRESSIVE;
				CLANG_CXX_LANGUAGE_STANDARD = "gnu++20";
				CLANG_ENABLE_MODULES = YES;
				CLANG_ENABLE_OBJC_ARC = YES;
				CLANG_ENABLE_OBJC_WEAK = YES;
				CLANG_WARN_BLOCK_CAPTURE_AUTORELEASING = YES;
				CLANG_WARN_BOOL_CONVERSION = YES;
				CLANG_WARN_COMMA = YES;
				CLANG_WARN_CONSTANT_CONVERSION = YES;
				CLANG_WARN_DEPRECATED_OBJC_IMPLEMENTATIONS = YES;
				CLANG_WARN_DIRECT_OBJC_ISA_USAGE = YES_ERROR;
				CLANG_WARN_DOCUMENTATION_COMMENTS = YES;
				CLANG_WARN_EMPTY_BODY = YES;
				CLANG_WARN_ENUM_CONVERSION = YES;
				CLANG_WARN_INFINITE_RECURSION = YES;
				CLANG_WARN_INT_CONVERSION = YES;
				CLANG_WARN_NON_LITERAL_NULL_CONVERSION = YES;
				CLANG_WARN_OBJC_IMPLICIT_RETAIN_SELF = YES;
				CLANG_WARN_OBJC_LITERAL_CONVERSION = YES;
				CLANG_WARN_OBJC_ROOT_CLASS = YES_ERROR;
				CLANG_WARN_QUOTED_INCLUDE_IN_FRAMEWORK_HEADER = YES;
				CLANG_WARN_RANGE_LOOP_ANALYSIS = YES;
				CLANG_WARN_STRICT_PROTOTYPES = YES;
				CLANG_WARN_SUSPICIOUS_MOVE = YES;
				CLANG_WARN_UNGUARDED_AVAILABILITY = YES_AGGRESSIVE;
				CLANG_WARN_UNREACHABLE_CODE = YES;
				CLANG_WARN__DUPLICATE_METHOD_MATCH = YES;
				COPY_PHASE_STRIP = NO;
				DEBUG_INFORMATION_FORMAT = "dwarf-with-dsym";
				ENABLE_NS_ASSERTIONS = NO;
				ENABLE_STRICT_OBJC_MSGSEND = YES;
				ENABLE_USER_SCRIPT_SANDBOXING = YES;
				GCC_C_LANGUAGE_STANDARD = gnu17;
				GCC_NO_COMMON_BLOCKS = YES;
				GCC_WARN_64_TO_32_BIT_CONVERSION = YES;
				GCC_WARN_ABOUT_RETURN_TYPE = YES_ERROR;
				GCC_WARN_UNDECLARED_SELECTOR = YES;
				GCC_WARN_UNINITIALIZED_AUTOS = YES_AGGRESSIVE;
				GCC_WARN_UNUSED_FUNCTION = YES;
				GCC_WARN_UNUSED_VARIABLE = YES;
				IPHONEOS_DEPLOYMENT_TARGET = 17.4;
				LOCALIZATION_PREFERS_STRING_CATALOGS = YES;
				MTL_ENABLE_DEBUG_INFO = NO;
				MTL_FAST_MATH = YES;
				SDKROOT = iphoneos;
				SWIFT_COMPILATION_MODE = wholemodule;
				VALIDATE_PRODUCT = YES;
			};
			name = Release;
		};
		1585BCD92BDFA791000899F5 /* Debug */ = {
			isa = XCBuildConfiguration;
			buildSettings = {
				ASSETCATALOG_COMPILER_APPICON_NAME = AppIcon;
				ASSETCATALOG_COMPILER_GLOBAL_ACCENT_COLOR_NAME = AccentColor;
				CODE_SIGN_STYLE = Automatic;
				CURRENT_PROJECT_VERSION = 1;
				GENERATE_INFOPLIST_FILE = YES;
				INFOPLIST_FILE = KekaHR/Info.plist;
				INFOPLIST_KEY_UIApplicationSupportsIndirectInputEvents = YES;
				INFOPLIST_KEY_UILaunchStoryboardName = LaunchScreen;
				INFOPLIST_KEY_UIMainStoryboardFile = Main;
				INFOPLIST_KEY_UISupportedInterfaceOrientations_iPad = "UIInterfaceOrientationPortrait UIInterfaceOrientationPortraitUpsideDown UIInterfaceOrientationLandscapeLeft UIInterfaceOrientationLandscapeRight";
				INFOPLIST_KEY_UISupportedInterfaceOrientations_iPhone = "UIInterfaceOrientationPortrait UIInterfaceOrientationLandscapeLeft UIInterfaceOrientationLandscapeRight";
				LD_RUNPATH_SEARCH_PATHS = (
					"$(inherited)",
					"@executable_path/Frameworks",
				);
				MARKETING_VERSION = 1.0;
				PRODUCT_BUNDLE_IDENTIFIER = com.keka.hyd.KekaHR;
				PRODUCT_NAME = "$(TARGET_NAME)";
				SWIFT_EMIT_LOC_STRINGS = YES;
				SWIFT_VERSION = 5.0;
				TARGETED_DEVICE_FAMILY = "1,2";
			};
			name = Debug;
		};
		1585BCDA2BDFA791000899F5 /* Release */ = {
			isa = XCBuildConfiguration;
			buildSettings = {
				ASSETCATALOG_COMPILER_APPICON_NAME = AppIcon;
				ASSETCATALOG_COMPILER_GLOBAL_ACCENT_COLOR_NAME = AccentColor;
				CODE_SIGN_STYLE = Automatic;
				CURRENT_PROJECT_VERSION = 1;
				GENERATE_INFOPLIST_FILE = YES;
				INFOPLIST_FILE = KekaHR/Info.plist;
				INFOPLIST_KEY_UIApplicationSupportsIndirectInputEvents = YES;
				INFOPLIST_KEY_UILaunchStoryboardName = LaunchScreen;
				INFOPLIST_KEY_UIMainStoryboardFile = Main;
				INFOPLIST_KEY_UISupportedInterfaceOrientations_iPad = "UIInterfaceOrientationPortrait UIInterfaceOrientationPortraitUpsideDown UIInterfaceOrientationLandscapeLeft UIInterfaceOrientationLandscapeRight";
				INFOPLIST_KEY_UISupportedInterfaceOrientations_iPhone = "UIInterfaceOrientationPortrait UIInterfaceOrientationLandscapeLeft UIInterfaceOrientationLandscapeRight";
				LD_RUNPATH_SEARCH_PATHS = (
					"$(inherited)",
					"@executable_path/Frameworks",
				);
				MARKETING_VERSION = 1.0;
				PRODUCT_BUNDLE_IDENTIFIER = com.keka.hyd.KekaHR;
				PRODUCT_NAME = "$(TARGET_NAME)";
				SWIFT_EMIT_LOC_STRINGS = YES;
				SWIFT_VERSION = 5.0;
				TARGETED_DEVICE_FAMILY = "1,2";
			};
			name = Release;
		};
		1585BCDC2BDFA791000899F5 /* Debug */ = {
			isa = XCBuildConfiguration;
			buildSettings = {
				ALWAYS_EMBED_SWIFT_STANDARD_LIBRARIES = YES;
				BUNDLE_LOADER = "$(TEST_HOST)";
				CODE_SIGN_STYLE = Automatic;
				CURRENT_PROJECT_VERSION = 1;
				GENERATE_INFOPLIST_FILE = YES;
				IPHONEOS_DEPLOYMENT_TARGET = 17.4;
				MARKETING_VERSION = 1.0;
				PRODUCT_BUNDLE_IDENTIFIER = com.keka.hyd.KekaHRTests;
				PRODUCT_NAME = "$(TARGET_NAME)";
				SWIFT_EMIT_LOC_STRINGS = NO;
				SWIFT_VERSION = 5.0;
				TARGETED_DEVICE_FAMILY = "1,2";
				TEST_HOST = "$(BUILT_PRODUCTS_DIR)/KekaHR.app/$(BUNDLE_EXECUTABLE_FOLDER_PATH)/KekaHR";
			};
			name = Debug;
		};
		1585BCDD2BDFA791000899F5 /* Release */ = {
			isa = XCBuildConfiguration;
			buildSettings = {
				ALWAYS_EMBED_SWIFT_STANDARD_LIBRARIES = YES;
				BUNDLE_LOADER = "$(TEST_HOST)";
				CODE_SIGN_STYLE = Automatic;
				CURRENT_PROJECT_VERSION = 1;
				GENERATE_INFOPLIST_FILE = YES;
				IPHONEOS_DEPLOYMENT_TARGET = 17.4;
				MARKETING_VERSION = 1.0;
				PRODUCT_BUNDLE_IDENTIFIER = com.keka.hyd.KekaHRTests;
				PRODUCT_NAME = "$(TARGET_NAME)";
				SWIFT_EMIT_LOC_STRINGS = NO;
				SWIFT_VERSION = 5.0;
				TARGETED_DEVICE_FAMILY = "1,2";
				TEST_HOST = "$(BUILT_PRODUCTS_DIR)/KekaHR.app/$(BUNDLE_EXECUTABLE_FOLDER_PATH)/KekaHR";
			};
			name = Release;
		};
		1585BCDF2BDFA791000899F5 /* Debug */ = {
			isa = XCBuildConfiguration;
			buildSettings = {
				ALWAYS_EMBED_SWIFT_STANDARD_LIBRARIES = YES;
				CODE_SIGN_STYLE = Automatic;
				CURRENT_PROJECT_VERSION = 1;
				GENERATE_INFOPLIST_FILE = YES;
				MARKETING_VERSION = 1.0;
				PRODUCT_BUNDLE_IDENTIFIER = com.keka.hyd.KekaHRUITests;
				PRODUCT_NAME = "$(TARGET_NAME)";
				SWIFT_EMIT_LOC_STRINGS = NO;
				SWIFT_VERSION = 5.0;
				TARGETED_DEVICE_FAMILY = "1,2";
				TEST_TARGET_NAME = KekaHR;
			};
			name = Debug;
		};
		1585BCE02BDFA791000899F5 /* Release */ = {
			isa = XCBuildConfiguration;
			buildSettings = {
				ALWAYS_EMBED_SWIFT_STANDARD_LIBRARIES = YES;
				CODE_SIGN_STYLE = Automatic;
				CURRENT_PROJECT_VERSION = 1;
				GENERATE_INFOPLIST_FILE = YES;
				MARKETING_VERSION = 1.0;
				PRODUCT_BUNDLE_IDENTIFIER = com.keka.hyd.KekaHRUITests;
				PRODUCT_NAME = "$(TARGET_NAME)";
				SWIFT_EMIT_LOC_STRINGS = NO;
				SWIFT_VERSION = 5.0;
				TARGETED_DEVICE_FAMILY = "1,2";
				TEST_TARGET_NAME = KekaHR;
			};
			name = Release;
		};
/* End XCBuildConfiguration section */

/* Begin XCConfigurationList section */
		1585BCA62BDFA78E000899F5 /* Build configuration list for PBXProject "KekaHR" */ = {
			isa = XCConfigurationList;
			buildConfigurations = (
				1585BCD62BDFA791000899F5 /* Debug */,
				1585BCD72BDFA791000899F5 /* Release */,
			);
			defaultConfigurationIsVisible = 0;
			defaultConfigurationName = Release;
		};
		1585BCD82BDFA791000899F5 /* Build configuration list for PBXNativeTarget "KekaHR" */ = {
			isa = XCConfigurationList;
			buildConfigurations = (
				1585BCD92BDFA791000899F5 /* Debug */,
				1585BCDA2BDFA791000899F5 /* Release */,
			);
			defaultConfigurationIsVisible = 0;
			defaultConfigurationName = Release;
		};
		1585BCDB2BDFA791000899F5 /* Build configuration list for PBXNativeTarget "KekaHRTests" */ = {
			isa = XCConfigurationList;
			buildConfigurations = (
				1585BCDC2BDFA791000899F5 /* Debug */,
				1585BCDD2BDFA791000899F5 /* Release */,
			);
			defaultConfigurationIsVisible = 0;
			defaultConfigurationName = Release;
		};
		1585BCDE2BDFA791000899F5 /* Build configuration list for PBXNativeTarget "KekaHRUITests" */ = {
			isa = XCConfigurationList;
			buildConfigurations = (
				1585BCDF2BDFA791000899F5 /* Debug */,
				1585BCE02BDFA791000899F5 /* Release */,
			);
			defaultConfigurationIsVisible = 0;
			defaultConfigurationName = Release;
		};
/* End XCConfigurationList section */

/* Begin XCRemoteSwiftPackageReference section */
		1585BD0C2BDFC530000899F5 /* XCRemoteSwiftPackageReference "Kingfisher" */ = {
			isa = XCRemoteSwiftPackageReference;
			repositoryURL = "https://github.com/onevcat/Kingfisher.git";
			requirement = {
				kind = upToNextMajorVersion;
				minimumVersion = 7.11.0;
			};
		};
/* End XCRemoteSwiftPackageReference section */

/* Begin XCSwiftPackageProductDependency section */
		1585BD0D2BDFC530000899F5 /* Kingfisher */ = {
			isa = XCSwiftPackageProductDependency;
			package = 1585BD0C2BDFC530000899F5 /* XCRemoteSwiftPackageReference "Kingfisher" */;
			productName = Kingfisher;
		};
/* End XCSwiftPackageProductDependency section */

/* Begin XCVersionGroup section */
		1585BCB72BDFA78E000899F5 /* KekaHR.xcdatamodeld */ = {
			isa = XCVersionGroup;
			children = (
				1585BCB82BDFA78E000899F5 /* KekaHR.xcdatamodel */,
			);
			currentVersion = 1585BCB82BDFA78E000899F5 /* KekaHR.xcdatamodel */;
			path = KekaHR.xcdatamodeld;
			sourceTree = "<group>";
			versionGroupType = wrapper.xcdatamodel;
		};
/* End XCVersionGroup section */
	};
	rootObject = 1585BCA32BDFA78E000899F5 /* Project object */;
}
